
Microsoft Visual Studio Solution File, Format Version 12.00
# Visual Studio Version 17
VisualStudioVersion = 17.12.35707.178
MinimumVisualStudioVersion = 10.0.40219.1
Project("{FAE04EC0-301F-11D3-BF4B-00C04F79EFBC}") = "BulkyBooks.API", "BulkyBooks.API\BulkyBooks.API.csproj", "{8646C882-01CF-461F-BD03-C6D826367D3C}"
EndProject
Project("{FAE04EC0-301F-11D3-BF4B-00C04F79EFBC}") = "BulkyBooksAPI.DataAccess", "BulkyBooksAPI.DataAccess\BulkyBooksAPI.DataAccess.csproj", "{FC70067F-45A4-473C-9227-E1617B3C7E7E}"
EndProject
Project("{FAE04EC0-301F-11D3-BF4B-00C04F79EFBC}") = "BulkyBooksAPI.Models", "BulkyBooksAPI.Models\BulkyBooksAPI.Models.csproj", "{B1B4EFDD-9F58-4B72-BA29-485C7C15F910}"
EndProject
Global
	GlobalSection(SolutionConfigurationPlatforms) = preSolution
		Debug|Any CPU = Debug|Any CPU
		Release|Any CPU = Release|Any CPU
	EndGlobalSection
	GlobalSection(ProjectConfigurationPlatforms) = postSolution
		{8646C882-01CF-461F-BD03-C6D826367D3C}.Debug|Any CPU.ActiveCfg = Debug|Any CPU
		{8646C882-01CF-461F-BD03-C6D826367D3C}.Debug|Any CPU.Build.0 = Debug|Any CPU
		{8646C882-01CF-461F-BD03-C6D826367D3C}.Release|Any CPU.ActiveCfg = Release|Any CPU
		{8646C882-01CF-461F-BD03-C6D826367D3C}.Release|Any CPU.Build.0 = Release|Any CPU
		{FC70067F-45A4-473C-9227-E1617B3C7E7E}.Debug|Any CPU.ActiveCfg = Debug|Any CPU
		{FC70067F-45A4-473C-9227-E1617B3C7E7E}.Debug|Any CPU.Build.0 = Debug|Any CPU
		{FC70067F-45A4-473C-9227-E1617B3C7E7E}.Release|Any CPU.ActiveCfg = Release|Any CPU
		{FC70067F-45A4-473C-9227-E1617B3C7E7E}.Release|Any CPU.Build.0 = Release|Any CPU
		{B1B4EFDD-9F58-4B72-BA29-485C7C15F910}.Debug|Any CPU.ActiveCfg = Debug|Any CPU
		{B1B4EFDD-9F58-4B72-BA29-485C7C15F910}.Debug|Any CPU.Build.0 = Debug|Any CPU
		{B1B4EFDD-9F58-4B72-BA29-485C7C15F910}.Release|Any CPU.ActiveCfg = Release|Any CPU
		{B1B4EFDD-9F58-4B72-BA29-485C7C15F910}.Release|Any CPU.Build.0 = Release|Any CPU
	EndGlobalSection
	GlobalSection(SolutionProperties) = preSolution
		HideSolutionNode = FALSE
	EndGlobalSection
EndGlobal
